
Microsoft Visual Studio Solution File, Format Version 12.00
# Visual Studio Version 17
VisualStudioVersion = 17.4.33103.184
MinimumVisualStudioVersion = 10.0.40219.1
Project("{9A19103F-16F7-4668-BE54-9A1E7A4F7556}") = "DrawingRegisterWeb", "DrawingRegisterWeb\DrawingRegisterWeb.csproj", "{B6576F4B-BA3B-4367-B556-3943FC256AED}"
EndProject
Global
	GlobalSection(SolutionConfigurationPlatforms) = preSolution
		Debug|Any CPU = Debug|Any CPU
		Release|Any CPU = Release|Any CPU
	EndGlobalSection
	GlobalSection(ProjectConfigurationPlatforms) = postSolution
		{B6576F4B-BA3B-4367-B556-3943FC256AED}.Debug|Any CPU.ActiveCfg = Debug|Any CPU
		{B6576F4B-BA3B-4367-B556-3943FC256AED}.Debug|Any CPU.Build.0 = Debug|Any CPU
		{B6576F4B-BA3B-4367-B556-3943FC256AED}.Release|Any CPU.ActiveCfg = Release|Any CPU
		{B6576F4B-BA3B-4367-B556-3943FC256AED}.Release|Any CPU.Build.0 = Release|Any CPU
	EndGlobalSection
	GlobalSection(SolutionProperties) = preSolution
		HideSolutionNode = FALSE
	EndGlobalSection
	GlobalSection(ExtensibilityGlobals) = postSolution
		SolutionGuid = {24B42D51-78D1-4E39-8C7B-C539F151B649}
	EndGlobalSection
EndGlobal
